
Microsoft Visual Studio Solution File, Format Version 12.00
# Visual Studio Version 17
VisualStudioVersion = 17.7.34031.279
MinimumVisualStudioVersion = 10.0.40219.1
Project("{F184B08F-C81C-45F6-A57F-5ABD9991F28F}") = "parcial2-desarrollo-software", "parcial2-desarrollo-software\parcial2-desarrollo-software.vbproj", "{2234A945-A1FE-403D-BE49-B7B1B15152F9}"
EndProject
Global
	GlobalSection(SolutionConfigurationPlatforms) = preSolution
		Debug|Any CPU = Debug|Any CPU
		Release|Any CPU = Release|Any CPU
	EndGlobalSection
	GlobalSection(ProjectConfigurationPlatforms) = postSolution
		{2234A945-A1FE-403D-BE49-B7B1B15152F9}.Debug|Any CPU.ActiveCfg = Debug|Any CPU
		{2234A945-A1FE-403D-BE49-B7B1B15152F9}.Debug|Any CPU.Build.0 = Debug|Any CPU
		{2234A945-A1FE-403D-BE49-B7B1B15152F9}.Release|Any CPU.ActiveCfg = Release|Any CPU
		{2234A945-A1FE-403D-BE49-B7B1B15152F9}.Release|Any CPU.Build.0 = Release|Any CPU
	EndGlobalSection
	GlobalSection(SolutionProperties) = preSolution
		HideSolutionNode = FALSE
	EndGlobalSection
	GlobalSection(ExtensibilityGlobals) = postSolution
		SolutionGuid = {17AB3306-117B-4005-809E-4FC774EB9C46}
	EndGlobalSection
EndGlobal
